// !$*UTF8*$!
{
	archiveVersion = 1;
	classes = {
	};
	objectVersion = 46;
	objects = {

/* Begin PBXBuildFile section */
		2505E3051C9E9DF800E00722 /* main.m in Sources */ = {isa = PBXBuildFile; fileRef = 2505E3041C9E9DF800E00722 /* main.m */; };
		2505E3081C9E9DF800E00722 /* AppDelegate.m in Sources */ = {isa = PBXBuildFile; fileRef = 2505E3071C9E9DF800E00722 /* AppDelegate.m */; };
		2505E30B1C9E9DF800E00722 /* ViewController.m in Sources */ = {isa = PBXBuildFile; fileRef = 2505E30A1C9E9DF800E00722 /* ViewController.m */; };
		2505E3101C9E9DF800E00722 /* Assets.xcassets in Resources */ = {isa = PBXBuildFile; fileRef = 2505E30F1C9E9DF800E00722 /* Assets.xcassets */; };
		2505E31E1C9E9DF900E00722 /* IOSSearchAlgorithmTests.m in Sources */ = {isa = PBXBuildFile; fileRef = 2505E31D1C9E9DF900E00722 /* IOSSearchAlgorithmTests.m */; };
		2505E3291C9E9DF900E00722 /* IOSSearchAlgorithmUITests.m in Sources */ = {isa = PBXBuildFile; fileRef = 2505E3281C9E9DF900E00722 /* IOSSearchAlgorithmUITests.m */; };
		2505E33B1CA116CD00E00722 /* pinyin.c in Sources */ = {isa = PBXBuildFile; fileRef = 2505E3371CA116CD00E00722 /* pinyin.c */; };
		2505E33C1CA116CD00E00722 /* SearchKeywordsAlgorithm.m in Sources */ = {isa = PBXBuildFile; fileRef = 2505E33A1CA116CD00E00722 /* SearchKeywordsAlgorithm.m */; };
		25EEF88A1CAA223D003B7DA8 /* keyword.csv in Resources */ = {isa = PBXBuildFile; fileRef = 25EEF8891CAA223D003B7DA8 /* keyword.csv */; };
/* End PBXBuildFile section */

/* Begin PBXContainerItemProxy section */
		2505E31A1C9E9DF900E00722 /* PBXContainerItemProxy */ = {
			isa = PBXContainerItemProxy;
			containerPortal = 2505E2F81C9E9DF800E00722 /* Project object */;
			proxyType = 1;
			remoteGlobalIDString = 2505E2FF1C9E9DF800E00722;
			remoteInfo = IOSSearchAlgorithm;
		};
		2505E3251C9E9DF900E00722 /* PBXContainerItemProxy */ = {
			isa = PBXContainerItemProxy;
			containerPortal = 2505E2F81C9E9DF800E00722 /* Project object */;
			proxyType = 1;
			remoteGlobalIDString = 2505E2FF1C9E9DF800E00722;
			remoteInfo = IOSSearchAlgorithm;
		};
/* End PBXContainerItemProxy section */

/* Begin PBXFileReference section */
		2505E3001C9E9DF800E00722 /* IOSSearchAlgorithm.app */ = {isa = PBXFileReference; explicitFileType = wrapper.application; includeInIndex = 0; path = IOSSearchAlgorithm.app; sourceTree = BUILT_PRODUCTS_DIR; };
		2505E3041C9E9DF800E00722 /* main.m */ = {isa = PBXFileReference; lastKnownFileType = sourcecode.c.objc; path = main.m; sourceTree = "<group>"; };
		2505E3061C9E9DF800E00722 /* AppDelegate.h */ = {isa = PBXFileReference; lastKnownFileType = sourcecode.c.h; path = AppDelegate.h; sourceTree = "<group>"; };
		2505E3071C9E9DF800E00722 /* AppDelegate.m */ = {isa = PBXFileReference; lastKnownFileType = sourcecode.c.objc; path = AppDelegate.m; sourceTree = "<group>"; };
		2505E3091C9E9DF800E00722 /* ViewController.h */ = {isa = PBXFileReference; lastKnownFileType = sourcecode.c.h; path = ViewController.h; sourceTree = "<group>"; };
		2505E30A1C9E9DF800E00722 /* ViewController.m */ = {isa = PBXFileReference; lastKnownFileType = sourcecode.c.objc; path = ViewController.m; sourceTree = "<group>"; };
		2505E30F1C9E9DF800E00722 /* Assets.xcassets */ = {isa = PBXFileReference; lastKnownFileType = folder.assetcatalog; path = Assets.xcassets; sourceTree = "<group>"; };
		2505E3141C9E9DF800E00722 /* Info.plist */ = {isa = PBXFileReference; lastKnownFileType = text.plist.xml; path = Info.plist; sourceTree = "<group>"; };
		2505E3191C9E9DF900E00722 /* IOSSearchAlgorithmTests.xctest */ = {isa = PBXFileReference; explicitFileType = wrapper.cfbundle; includeInIndex = 0; path = IOSSearchAlgorithmTests.xctest; sourceTree = BUILT_PRODUCTS_DIR; };
		2505E31D1C9E9DF900E00722 /* IOSSearchAlgorithmTests.m */ = {isa = PBXFileReference; lastKnownFileType = sourcecode.c.objc; path = IOSSearchAlgorithmTests.m; sourceTree = "<group>"; };
		2505E31F1C9E9DF900E00722 /* Info.plist */ = {isa = PBXFileReference; lastKnownFileType = text.plist.xml; path = Info.plist; sourceTree = "<group>"; };
		2505E3241C9E9DF900E00722 /* IOSSearchAlgorithmUITests.xctest */ = {isa = PBXFileReference; explicitFileType = wrapper.cfbundle; includeInIndex = 0; path = IOSSearchAlgorithmUITests.xctest; sourceTree = BUILT_PRODUCTS_DIR; };
		2505E3281C9E9DF900E00722 /* IOSSearchAlgorithmUITests.m */ = {isa = PBXFileReference; lastKnownFileType = sourcecode.c.objc; path = IOSSearchAlgorithmUITests.m; sourceTree = "<group>"; };
		2505E32A1C9E9DF900E00722 /* Info.plist */ = {isa = PBXFileReference; lastKnownFileType = text.plist.xml; path = Info.plist; sourceTree = "<group>"; };
		2505E3371CA116CD00E00722 /* pinyin.c */ = {isa = PBXFileReference; fileEncoding = 4; lastKnownFileType = sourcecode.c.c; path = pinyin.c; sourceTree = "<group>"; };
		2505E3381CA116CD00E00722 /* pinyin.h */ = {isa = PBXFileReference; fileEncoding = 4; lastKnownFileType = sourcecode.c.h; path = pinyin.h; sourceTree = "<group>"; };
		2505E3391CA116CD00E00722 /* SearchKeywordsAlgorithm.h */ = {isa = PBXFileReference; fileEncoding = 4; lastKnownFileType = sourcecode.c.h; path = SearchKeywordsAlgorithm.h; sourceTree = "<group>"; };
		2505E33A1CA116CD00E00722 /* SearchKeywordsAlgorithm.m */ = {isa = PBXFileReference; fileEncoding = 4; lastKnownFileType = sourcecode.c.objc; path = SearchKeywordsAlgorithm.m; sourceTree = "<group>"; };
		25EEF8891CAA223D003B7DA8 /* keyword.csv */ = {isa = PBXFileReference; fileEncoding = 4; lastKnownFileType = text; path = keyword.csv; sourceTree = "<group>"; };
/* End PBXFileReference section */

/* Begin PBXFrameworksBuildPhase section */
		2505E2FD1C9E9DF800E00722 /* Frameworks */ = {
			isa = PBXFrameworksBuildPhase;
			buildActionMask = 2147483647;
			files = (
			);
			runOnlyForDeploymentPostprocessing = 0;
		};
		2505E3161C9E9DF900E00722 /* Frameworks */ = {
			isa = PBXFrameworksBuildPhase;
			buildActionMask = 2147483647;
			files = (
			);
			runOnlyForDeploymentPostprocessing = 0;
		};
		2505E3211C9E9DF900E00722 /* Frameworks */ = {
			isa = PBXFrameworksBuildPhase;
			buildActionMask = 2147483647;
			files = (
			);
			runOnlyForDeploymentPostprocessing = 0;
		};
/* End PBXFrameworksBuildPhase section */

/* Begin PBXGroup section */
		2505E2F71C9E9DF800E00722 = {
			isa = PBXGroup;
			children = (
				2505E3021C9E9DF800E00722 /* IOSSearchAlgorithm */,
				2505E31C1C9E9DF900E00722 /* IOSSearchAlgorithmTests */,
				25EEF8881CAA2219003B7DA8 /* Resource */,
				2505E3271C9E9DF900E00722 /* IOSSearchAlgorithmUITests */,
				2505E3011C9E9DF800E00722 /* Products */,
			);
			sourceTree = "<group>";
		};
		2505E3011C9E9DF800E00722 /* Products */ = {
			isa = PBXGroup;
			children = (
				2505E3001C9E9DF800E00722 /* IOSSearchAlgorithm.app */,
				2505E3191C9E9DF900E00722 /* IOSSearchAlgorithmTests.xctest */,
				2505E3241C9E9DF900E00722 /* IOSSearchAlgorithmUITests.xctest */,
			);
			name = Products;
			sourceTree = "<group>";
		};
		2505E3021C9E9DF800E00722 /* IOSSearchAlgorithm */ = {
			isa = PBXGroup;
			children = (
				2505E3361CA116BF00E00722 /* Algorithm */,
				2505E3061C9E9DF800E00722 /* AppDelegate.h */,
				2505E3071C9E9DF800E00722 /* AppDelegate.m */,
				2505E3091C9E9DF800E00722 /* ViewController.h */,
				2505E30A1C9E9DF800E00722 /* ViewController.m */,
				2505E30F1C9E9DF800E00722 /* Assets.xcassets */,
				2505E3141C9E9DF800E00722 /* Info.plist */,
				2505E3031C9E9DF800E00722 /* Supporting Files */,
			);
			path = IOSSearchAlgorithm;
			sourceTree = "<group>";
		};
		2505E3031C9E9DF800E00722 /* Supporting Files */ = {
			isa = PBXGroup;
			children = (
				2505E3041C9E9DF800E00722 /* main.m */,
			);
			name = "Supporting Files";
			sourceTree = "<group>";
		};
		2505E31C1C9E9DF900E00722 /* IOSSearchAlgorithmTests */ = {
			isa = PBXGroup;
			children = (
				2505E31D1C9E9DF900E00722 /* IOSSearchAlgorithmTests.m */,
				2505E31F1C9E9DF900E00722 /* Info.plist */,
			);
			path = IOSSearchAlgorithmTests;
			sourceTree = "<group>";
		};
		2505E3271C9E9DF900E00722 /* IOSSearchAlgorithmUITests */ = {
			isa = PBXGroup;
			children = (
				2505E3281C9E9DF900E00722 /* IOSSearchAlgorithmUITests.m */,
				2505E32A1C9E9DF900E00722 /* Info.plist */,
			);
			path = IOSSearchAlgorithmUITests;
			sourceTree = "<group>";
		};
		2505E3361CA116BF00E00722 /* Algorithm */ = {
			isa = PBXGroup;
			children = (
				2505E3371CA116CD00E00722 /* pinyin.c */,
				2505E3381CA116CD00E00722 /* pinyin.h */,
				2505E3391CA116CD00E00722 /* SearchKeywordsAlgorithm.h */,
				2505E33A1CA116CD00E00722 /* SearchKeywordsAlgorithm.m */,
			);
			name = Algorithm;
			sourceTree = "<group>";
		};
		25EEF8881CAA2219003B7DA8 /* Resource */ = {
			isa = PBXGroup;
			children = (
				25EEF8891CAA223D003B7DA8 /* keyword.csv */,
			);
			name = Resource;
			sourceTree = "<group>";
		};
/* End PBXGroup section */

/* Begin PBXNativeTarget section */
		2505E2FF1C9E9DF800E00722 /* IOSSearchAlgorithm */ = {
			isa = PBXNativeTarget;
			buildConfigurationList = 2505E32D1C9E9DF900E00722 /* Build configuration list for PBXNativeTarget "IOSSearchAlgorithm" */;
			buildPhases = (
				2505E2FC1C9E9DF800E00722 /* Sources */,
				2505E2FD1C9E9DF800E00722 /* Frameworks */,
				2505E2FE1C9E9DF800E00722 /* Resources */,
			);
			buildRules = (
			);
			dependencies = (
			);
			name = IOSSearchAlgorithm;
			productName = IOSSearchAlgorithm;
			productReference = 2505E3001C9E9DF800E00722 /* IOSSearchAlgorithm.app */;
			productType = "com.apple.product-type.application";
		};
		2505E3181C9E9DF900E00722 /* IOSSearchAlgorithmTests */ = {
			isa = PBXNativeTarget;
			buildConfigurationList = 2505E3301C9E9DF900E00722 /* Build configuration list for PBXNativeTarget "IOSSearchAlgorithmTests" */;
			buildPhases = (
				2505E3151C9E9DF900E00722 /* Sources */,
				2505E3161C9E9DF900E00722 /* Frameworks */,
				2505E3171C9E9DF900E00722 /* Resources */,
			);
			buildRules = (
			);
			dependencies = (
				2505E31B1C9E9DF900E00722 /* PBXTargetDependency */,
			);
			name = IOSSearchAlgorithmTests;
			productName = IOSSearchAlgorithmTests;
			productReference = 2505E3191C9E9DF900E00722 /* IOSSearchAlgorithmTests.xctest */;
			productType = "com.apple.product-type.bundle.unit-test";
		};
		2505E3231C9E9DF900E00722 /* IOSSearchAlgorithmUITests */ = {
			isa = PBXNativeTarget;
			buildConfigurationList = 2505E3331C9E9DF900E00722 /* Build configuration list for PBXNativeTarget "IOSSearchAlgorithmUITests" */;
			buildPhases = (
				2505E3201C9E9DF900E00722 /* Sources */,
				2505E3211C9E9DF900E00722 /* Frameworks */,
				2505E3221C9E9DF900E00722 /* Resources */,
			);
			buildRules = (
			);
			dependencies = (
				2505E3261C9E9DF900E00722 /* PBXTargetDependency */,
			);
			name = IOSSearchAlgorithmUITests;
			productName = IOSSearchAlgorithmUITests;
			productReference = 2505E3241C9E9DF900E00722 /* IOSSearchAlgorithmUITests.xctest */;
			productType = "com.apple.product-type.bundle.ui-testing";
		};
/* End PBXNativeTarget section */

/* Begin PBXProject section */
		2505E2F81C9E9DF800E00722 /* Project object */ = {
			isa = PBXProject;
			attributes = {
				LastUpgradeCheck = 0720;
				ORGANIZATIONNAME = ixshells;
				TargetAttributes = {
					2505E2FF1C9E9DF800E00722 = {
						CreatedOnToolsVersion = 7.2.1;
						DevelopmentTeam = E3X4D7MVBJ;
					};
					2505E3181C9E9DF900E00722 = {
						CreatedOnToolsVersion = 7.2.1;
						TestTargetID = 2505E2FF1C9E9DF800E00722;
					};
					2505E3231C9E9DF900E00722 = {
						CreatedOnToolsVersion = 7.2.1;
						TestTargetID = 2505E2FF1C9E9DF800E00722;
					};
				};
			};
			buildConfigurationList = 2505E2FB1C9E9DF800E00722 /* Build configuration list for PBXProject "IOSSearchAlgorithm" */;
			compatibilityVersion = "Xcode 3.2";
			developmentRegion = English;
			hasScannedForEncodings = 0;
			knownRegions = (
				en,
				Base,
			);
			mainGroup = 2505E2F71C9E9DF800E00722;
			productRefGroup = 2505E3011C9E9DF800E00722 /* Products */;
			projectDirPath = "";
			projectRoot = "";
			targets = (
				2505E2FF1C9E9DF800E00722 /* IOSSearchAlgorithm */,
				2505E3181C9E9DF900E00722 /* IOSSearchAlgorithmTests */,
				2505E3231C9E9DF900E00722 /* IOSSearchAlgorithmUITests */,
			);
		};
/* End PBXProject section */

/* Begin PBXResourcesBuildPhase section */
		2505E2FE1C9E9DF800E00722 /* Resources */ = {
			isa = PBXResourcesBuildPhase;
			buildActionMask = 2147483647;
			files = (
				25EEF88A1CAA223D003B7DA8 /* keyword.csv in Resources */,
				2505E3101C9E9DF800E00722 /* Assets.xcassets in Resources */,
			);
			runOnlyForDeploymentPostprocessing = 0;
		};
		2505E3171C9E9DF900E00722 /* Resources */ = {
			isa = PBXResourcesBuildPhase;
			buildActionMask = 2147483647;
			files = (
			);
			runOnlyForDeploymentPostprocessing = 0;
		};
		2505E3221C9E9DF900E00722 /* Resources */ = {
			isa = PBXResourcesBuildPhase;
			buildActionMask = 2147483647;
			files = (
			);
			runOnlyForDeploymentPostprocessing = 0;
		};
/* End PBXResourcesBuildPhase section */

/* Begin PBXSourcesBuildPhase section */
		2505E2FC1C9E9DF800E00722 /* Sources */ = {
			isa = PBXSourcesBuildPhase;
			buildActionMask = 2147483647;
			files = (
				2505E33B1CA116CD00E00722 /* pinyin.c in Sources */,
				2505E33C1CA116CD00E00722 /* SearchKeywordsAlgorithm.m in Sources */,
				2505E30B1C9E9DF800E00722 /* ViewController.m in Sources */,
				2505E3081C9E9DF800E00722 /* AppDelegate.m in Sources */,
				2505E3051C9E9DF800E00722 /* main.m in Sources */,
			);
			runOnlyForDeploymentPostprocessing = 0;
		};
		2505E3151C9E9DF900E00722 /* Sources */ = {
			isa = PBXSourcesBuildPhase;
			buildActionMask = 2147483647;
			files = (
				2505E31E1C9E9DF900E00722 /* IOSSearchAlgorithmTests.m in Sources */,
			);
			runOnlyForDeploymentPostprocessing = 0;
		};
		2505E3201C9E9DF900E00722 /* Sources */ = {
			isa = PBXSourcesBuildPhase;
			buildActionMask = 2147483647;
			files = (
				2505E3291C9E9DF900E00722 /* IOSSearchAlgorithmUITests.m in Sources */,
			);
			runOnlyForDeploymentPostprocessing = 0;
		};
/* End PBXSourcesBuildPhase section */

/* Begin PBXTargetDependency section */
		2505E31B1C9E9DF900E00722 /* PBXTargetDependency */ = {
			isa = PBXTargetDependency;
			target = 2505E2FF1C9E9DF800E00722 /* IOSSearchAlgorithm */;
			targetProxy = 2505E31A1C9E9DF900E00722 /* PBXContainerItemProxy */;
		};
		2505E3261C9E9DF900E00722 /* PBXTargetDependency */ = {
			isa = PBXTargetDependency;
			target = 2505E2FF1C9E9DF800E00722 /* IOSSearchAlgorithm */;
			targetProxy = 2505E3251C9E9DF900E00722 /* PBXContainerItemProxy */;
		};
/* End PBXTargetDependency section */

/* Begin XCBuildConfiguration section */
		2505E32B1C9E9DF900E00722 /* Debug */ = {
			isa = XCBuildConfiguration;
			buildSettings = {
				ALWAYS_SEARCH_USER_PATHS = NO;
				CLANG_CXX_LANGUAGE_STANDARD = "gnu++0x";
				CLANG_CXX_LIBRARY = "libc++";
				CLANG_ENABLE_MODULES = YES;
				CLANG_ENABLE_OBJC_ARC = YES;
				CLANG_WARN_BOOL_CONVERSION = YES;
				CLANG_WARN_CONSTANT_CONVERSION = YES;
				CLANG_WARN_DIRECT_OBJC_ISA_USAGE = YES_ERROR;
				CLANG_WARN_EMPTY_BODY = YES;
				CLANG_WARN_ENUM_CONVERSION = YES;
				CLANG_WARN_INT_CONVERSION = YES;
				CLANG_WARN_OBJC_ROOT_CLASS = YES_ERROR;
				CLANG_WARN_UNREACHABLE_CODE = YES;
				CLANG_WARN__DUPLICATE_METHOD_MATCH = YES;
				"CODE_SIGN_IDENTITY[sdk=iphoneos*]" = "iPhone Developer";
				COPY_PHASE_STRIP = NO;
				DEBUG_INFORMATION_FORMAT = dwarf;
				ENABLE_STRICT_OBJC_MSGSEND = YES;
				ENABLE_TESTABILITY = YES;
				GCC_C_LANGUAGE_STANDARD = gnu99;
				GCC_DYNAMIC_NO_PIC = NO;
				GCC_NO_COMMON_BLOCKS = YES;
				GCC_OPTIMIZATION_LEVEL = 0;
				GCC_PREPROCESSOR_DEFINITIONS = (
					"DEBUG=1",
					"$(inherited)",
				);
				GCC_WARN_64_TO_32_BIT_CONVERSION = YES;
				GCC_WARN_ABOUT_RETURN_TYPE = YES_ERROR;
				GCC_WARN_UNDECLARED_SELECTOR = YES;
				GCC_WARN_UNINITIALIZED_AUTOS = YES_AGGRESSIVE;
				GCC_WARN_UNUSED_FUNCTION = YES;
				GCC_WARN_UNUSED_VARIABLE = YES;
				IPHONEOS_DEPLOYMENT_TARGET = 9.2;
				MTL_ENABLE_DEBUG_INFO = YES;
				ONLY_ACTIVE_ARCH = YES;
				SDKROOT = iphoneos;
				TARGETED_DEVICE_FAMILY = "1,2";
			};
			name = Debug;
		};
		2505E32C1C9E9DF900E00722 /* Release */ = {
			isa = XCBuildConfiguration;
			buildSettings = {
				ALWAYS_SEARCH_USER_PATHS = NO;
				CLANG_CXX_LANGUAGE_STANDARD = "gnu++0x";
				CLANG_CXX_LIBRARY = "libc++";
				CLANG_ENABLE_MODULES = YES;
				CLANG_ENABLE_OBJC_ARC = YES;
				CLANG_WARN_BOOL_CONVERSION = YES;
				CLANG_WARN_CONSTANT_CONVERSION = YES;
				CLANG_WARN_DIRECT_OBJC_ISA_USAGE = YES_ERROR;
				CLANG_WARN_EMPTY_BODY = YES;
				CLANG_WARN_ENUM_CONVERSION = YES;
				CLANG_WARN_INT_CONVERSION = YES;
				CLANG_WARN_OBJC_ROOT_CLASS = YES_ERROR;
				CLANG_WARN_UNREACHABLE_CODE = YES;
				CLANG_WARN__DUPLICATE_METHOD_MATCH = YES;
				"CODE_SIGN_IDENTITY[sdk=iphoneos*]" = "iPhone Developer";
				COPY_PHASE_STRIP = NO;
				DEBUG_INFORMATION_FORMAT = "dwarf-with-dsym";
				ENABLE_NS_ASSERTIONS = NO;
				ENABLE_STRICT_OBJC_MSGSEND = YES;
				GCC_C_LANGUAGE_STANDARD = gnu99;
				GCC_NO_COMMON_BLOCKS = YES;
				GCC_WARN_64_TO_32_BIT_CONVERSION = YES;
				GCC_WARN_ABOUT_RETURN_TYPE = YES_ERROR;
				GCC_WARN_UNDECLARED_SELECTOR = YES;
				GCC_WARN_UNINITIALIZED_AUTOS = YES_AGGRESSIVE;
				GCC_WARN_UNUSED_FUNCTION = YES;
				GCC_WARN_UNUSED_VARIABLE = YES;
				IPHONEOS_DEPLOYMENT_TARGET = 9.2;
				MTL_ENABLE_DEBUG_INFO = NO;
				SDKROOT = iphoneos;
				TARGETED_DEVICE_FAMILY = "1,2";
				VALIDATE_PRODUCT = YES;
			};
			name = Release;
		};
		2505E32E1C9E9DF900E00722 /* Debug */ = {
			isa = XCBuildConfiguration;
			buildSettings = {
				ASSETCATALOG_COMPILER_APPICON_NAME = AppIcon;
				ASSETCATALOG_COMPILER_LAUNCHIMAGE_NAME = "Brand Assets";
				CODE_SIGN_IDENTITY = "iPhone Developer";
				INFOPLIST_FILE = IOSSearchAlgorithm/Info.plist;
				IPHONEOS_DEPLOYMENT_TARGET = 7.0;
				LD_RUNPATH_SEARCH_PATHS = "$(inherited) @executable_path/Frameworks";
				PRODUCT_BUNDLE_IDENTIFIER = com.nbcoders.ixshellslibs.IOSSearchAlgorithm;
				PRODUCT_NAME = "$(TARGET_NAME)";
			};
			name = Debug;
		};
		2505E32F1C9E9DF900E00722 /* Release */ = {
			isa = XCBuildConfiguration;
			buildSettings = {
				ASSETCATALOG_COMPILER_APPICON_NAME = AppIcon;
				ASSETCATALOG_COMPILER_LAUNCHIMAGE_NAME = "Brand Assets";
				CODE_SIGN_IDENTITY = "iPhone Developer";
				INFOPLIST_FILE = IOSSearchAlgorithm/Info.plist;
				IPHONEOS_DEPLOYMENT_TARGET = 7.0;
				LD_RUNPATH_SEARCH_PATHS = "$(inherited) @executable_path/Frameworks";
				PRODUCT_BUNDLE_IDENTIFIER = com.nbcoders.ixshellslibs.IOSSearchAlgorithm;
				PRODUCT_NAME = "$(TARGET_NAME)";
			};
			name = Release;
		};
		2505E3311C9E9DF900E00722 /* Debug */ = {
			isa = XCBuildConfiguration;
			buildSettings = {
				BUNDLE_LOADER = "$(TEST_HOST)";
				INFOPLIST_FILE = IOSSearchAlgorithmTests/Info.plist;
				LD_RUNPATH_SEARCH_PATHS = "$(inherited) @executable_path/Frameworks @loader_path/Frameworks";
				PRODUCT_BUNDLE_IDENTIFIER = com.nbcoders.ixshellslibs.IOSSearchAlgorithmTests;
				PRODUCT_NAME = "$(TARGET_NAME)";
				TEST_HOST = "$(BUILT_PRODUCTS_DIR)/IOSSearchAlgorithm.app/IOSSearchAlgorithm";
			};
			name = Debug;
		};
		2505E3321C9E9DF900E00722 /* Release */ = {
			isa = XCBuildConfiguration;
			buildSettings = {
				BUNDLE_LOADER = "$(TEST_HOST)";
				INFOPLIST_FILE = IOSSearchAlgorithmTests/Info.plist;
				LD_RUNPATH_SEARCH_PATHS = "$(inherited) @executable_path/Frameworks @loader_path/Frameworks";
				PRODUCT_BUNDLE_IDENTIFIER = com.nbcoders.ixshellslibs.IOSSearchAlgorithmTests;
				PRODUCT_NAME = "$(TARGET_NAME)";
				TEST_HOST = "$(BUILT_PRODUCTS_DIR)/IOSSearchAlgorithm.app/IOSSearchAlgorithm";
			};
			name = Release;
		};
		2505E3341C9E9DF900E00722 /* Debug */ = {
			isa = XCBuildConfiguration;
			buildSettings = {
				INFOPLIST_FILE = IOSSearchAlgorithmUITests/Info.plist;
				LD_RUNPATH_SEARCH_PATHS = "$(inherited) @executable_path/Frameworks @loader_path/Frameworks";
				PRODUCT_BUNDLE_IDENTIFIER = com.nbcoders.ixshellslibs.IOSSearchAlgorithmUITests;
				PRODUCT_NAME = "$(TARGET_NAME)";
				TEST_TARGET_NAME = IOSSearchAlgorithm;
				USES_XCTRUNNER = YES;
			};
			name = Debug;
		};
		2505E3351C9E9DF900E00722 /* Release */ = {
			isa = XCBuildConfiguration;
			buildSettings = {
				INFOPLIST_FILE = IOSSearchAlgorithmUITests/Info.plist;
				LD_RUNPATH_SEARCH_PATHS = "$(inherited) @executable_path/Frameworks @loader_path/Frameworks";
				PRODUCT_BUNDLE_IDENTIFIER = com.nbcoders.ixshellslibs.IOSSearchAlgorithmUITests;
				PRODUCT_NAME = "$(TARGET_NAME)";
				TEST_TARGET_NAME = IOSSearchAlgorithm;
				USES_XCTRUNNER = YES;
			};
			name = Release;
		};
/* End XCBuildConfiguration section */

/* Begin XCConfigurationList section */
		2505E2FB1C9E9DF800E00722 /* Build configuration list for PBXProject "IOSSearchAlgorithm" */ = {
			isa = XCConfigurationList;
			buildConfigurations = (
				2505E32B1C9E9DF900E00722 /* Debug */,
				2505E32C1C9E9DF900E00722 /* Release */,
			);
			defaultConfigurationIsVisible = 0;
			defaultConfigurationName = Release;
		};
		2505E32D1C9E9DF900E00722 /* Build configuration list for PBXNativeTarget "IOSSearchAlgorithm" */ = {
			isa = XCConfigurationList;
			buildConfigurations = (
				2505E32E1C9E9DF900E00722 /* Debug */,
				2505E32F1C9E9DF900E00722 /* Release */,
			);
			defaultConfigurationIsVisible = 0;
			defaultConfigurationName = Release;
		};
		2505E3301C9E9DF900E00722 /* Build configuration list for PBXNativeTarget "IOSSearchAlgorithmTests" */ = {
			isa = XCConfigurationList;
			buildConfigurations = (
				2505E3311C9E9DF900E00722 /* Debug */,
				2505E3321C9E9DF900E00722 /* Release */,
			);
			defaultConfigurationIsVisible = 0;
			defaultConfigurationName = Release;
		};
		2505E3331C9E9DF900E00722 /* Build configuration list for PBXNativeTarget "IOSSearchAlgorithmUITests" */ = {
			isa = XCConfigurationList;
			buildConfigurations = (
				2505E3341C9E9DF900E00722 /* Debug */,
				2505E3351C9E9DF900E00722 /* Release */,
			);
			defaultConfigurationIsVisible = 0;
			defaultConfigurationName = Release;
		};
/* End XCConfigurationList section */
	};
	rootObject = 2505E2F81C9E9DF800E00722 /* Project object */;
}
